// !$*UTF8*$!
{
	archiveVersion = 1;
	classes = {
	};
	objectVersion = 54;
	objects = {

/* Begin PBXBuildFile section */
		A3242424255DD05900AC2018 /* AvailableGroupsCell.swift in Sources */ = {isa = PBXBuildFile; fileRef = A3242423255DD05900AC2018 /* AvailableGroupsCell.swift */; };
		A3242428255DD07700AC2018 /* AvailableGroupsController.swift in Sources */ = {isa = PBXBuildFile; fileRef = A3242427255DD07700AC2018 /* AvailableGroupsController.swift */; };
		A324242B255DD0A300AC2018 /* DetailFriendCell.swift in Sources */ = {isa = PBXBuildFile; fileRef = A324242A255DD0A300AC2018 /* DetailFriendCell.swift */; };
		A324242E255DD0BF00AC2018 /* DetailFriendController.swift in Sources */ = {isa = PBXBuildFile; fileRef = A324242D255DD0BF00AC2018 /* DetailFriendController.swift */; };
		A3242431255DD26200AC2018 /* Group.swift in Sources */ = {isa = PBXBuildFile; fileRef = A3242430255DD26200AC2018 /* Group.swift */; };
		A3242434255DD27D00AC2018 /* User.swift in Sources */ = {isa = PBXBuildFile; fileRef = A3242433255DD27D00AC2018 /* User.swift */; };
		A3242437255DD29700AC2018 /* MyFriendsCell.swift in Sources */ = {isa = PBXBuildFile; fileRef = A3242436255DD29700AC2018 /* MyFriendsCell.swift */; };
		A324243A255DD2AC00AC2018 /* MyFriendsController.swift in Sources */ = {isa = PBXBuildFile; fileRef = A3242439255DD2AC00AC2018 /* MyFriendsController.swift */; };
		A324243D255DD2D600AC2018 /* MyGroupsCell.swift in Sources */ = {isa = PBXBuildFile; fileRef = A324243C255DD2D600AC2018 /* MyGroupsCell.swift */; };
		A3242440255DD2EE00AC2018 /* MyGroupsController.swift in Sources */ = {isa = PBXBuildFile; fileRef = A324243F255DD2EE00AC2018 /* MyGroupsController.swift */; };
		A3442EC2255DF3B70043FC13 /* LoginViewController+KeyboardSettings.swift in Sources */ = {isa = PBXBuildFile; fileRef = A3442EC1255DF3B70043FC13 /* LoginViewController+KeyboardSettings.swift */; };
		A3442EC5255E0D730043FC13 /* RadiusView.swift in Sources */ = {isa = PBXBuildFile; fileRef = A3442EC4255E0D730043FC13 /* RadiusView.swift */; };
		A3442EC8255E0D8D0043FC13 /* ShadowView.swift in Sources */ = {isa = PBXBuildFile; fileRef = A3442EC7255E0D8D0043FC13 /* ShadowView.swift */; };
		A3442ECB255E0F1A0043FC13 /* LikeControl.swift in Sources */ = {isa = PBXBuildFile; fileRef = A3442ECA255E0F1A0043FC13 /* LikeControl.swift */; };
		A3CC6CC2255DA00200293293 /* AppDelegate.swift in Sources */ = {isa = PBXBuildFile; fileRef = A3CC6CC1255DA00200293293 /* AppDelegate.swift */; };
		A3CC6CC4255DA00200293293 /* SceneDelegate.swift in Sources */ = {isa = PBXBuildFile; fileRef = A3CC6CC3255DA00200293293 /* SceneDelegate.swift */; };
		A3CC6CC6255DA00200293293 /* LoginViewController.swift in Sources */ = {isa = PBXBuildFile; fileRef = A3CC6CC5255DA00200293293 /* LoginViewController.swift */; };
		A3CC6CC9255DA00200293293 /* Main.storyboard in Resources */ = {isa = PBXBuildFile; fileRef = A3CC6CC7255DA00200293293 /* Main.storyboard */; };
		A3CC6CCC255DA00200293293 /* VK_Client.xcdatamodeld in Sources */ = {isa = PBXBuildFile; fileRef = A3CC6CCA255DA00200293293 /* VK_Client.xcdatamodeld */; };
		A3CC6CCE255DA00200293293 /* Assets.xcassets in Resources */ = {isa = PBXBuildFile; fileRef = A3CC6CCD255DA00200293293 /* Assets.xcassets */; };
		A3CC6CD1255DA00200293293 /* LaunchScreen.storyboard in Resources */ = {isa = PBXBuildFile; fileRef = A3CC6CCF255DA00200293293 /* LaunchScreen.storyboard */; };
/* End PBXBuildFile section */

/* Begin PBXFileReference section */
		A324241F255DC61200AC2018 /* VK_Client.entitlements */ = {isa = PBXFileReference; lastKnownFileType = text.plist.entitlements; path = VK_Client.entitlements; sourceTree = "<group>"; };
		A3242423255DD05900AC2018 /* AvailableGroupsCell.swift */ = {isa = PBXFileReference; lastKnownFileType = sourcecode.swift; path = AvailableGroupsCell.swift; sourceTree = "<group>"; };
		A3242427255DD07700AC2018 /* AvailableGroupsController.swift */ = {isa = PBXFileReference; lastKnownFileType = sourcecode.swift; path = AvailableGroupsController.swift; sourceTree = "<group>"; };
		A324242A255DD0A300AC2018 /* DetailFriendCell.swift */ = {isa = PBXFileReference; lastKnownFileType = sourcecode.swift; path = DetailFriendCell.swift; sourceTree = "<group>"; };
		A324242D255DD0BF00AC2018 /* DetailFriendController.swift */ = {isa = PBXFileReference; lastKnownFileType = sourcecode.swift; path = DetailFriendController.swift; sourceTree = "<group>"; };
		A3242430255DD26200AC2018 /* Group.swift */ = {isa = PBXFileReference; lastKnownFileType = sourcecode.swift; path = Group.swift; sourceTree = "<group>"; };
		A3242433255DD27D00AC2018 /* User.swift */ = {isa = PBXFileReference; lastKnownFileType = sourcecode.swift; path = User.swift; sourceTree = "<group>"; };
		A3242436255DD29700AC2018 /* MyFriendsCell.swift */ = {isa = PBXFileReference; lastKnownFileType = sourcecode.swift; path = MyFriendsCell.swift; sourceTree = "<group>"; };
		A3242439255DD2AC00AC2018 /* MyFriendsController.swift */ = {isa = PBXFileReference; lastKnownFileType = sourcecode.swift; path = MyFriendsController.swift; sourceTree = "<group>"; };
		A324243C255DD2D600AC2018 /* MyGroupsCell.swift */ = {isa = PBXFileReference; lastKnownFileType = sourcecode.swift; path = MyGroupsCell.swift; sourceTree = "<group>"; };
		A324243F255DD2EE00AC2018 /* MyGroupsController.swift */ = {isa = PBXFileReference; lastKnownFileType = sourcecode.swift; path = MyGroupsController.swift; sourceTree = "<group>"; };
		A3442EC1255DF3B70043FC13 /* LoginViewController+KeyboardSettings.swift */ = {isa = PBXFileReference; lastKnownFileType = sourcecode.swift; path = "LoginViewController+KeyboardSettings.swift"; sourceTree = "<group>"; };
		A3442EC4255E0D730043FC13 /* RadiusView.swift */ = {isa = PBXFileReference; lastKnownFileType = sourcecode.swift; path = RadiusView.swift; sourceTree = "<group>"; };
		A3442EC7255E0D8D0043FC13 /* ShadowView.swift */ = {isa = PBXFileReference; lastKnownFileType = sourcecode.swift; path = ShadowView.swift; sourceTree = "<group>"; };
		A3442ECA255E0F1A0043FC13 /* LikeControl.swift */ = {isa = PBXFileReference; lastKnownFileType = sourcecode.swift; path = LikeControl.swift; sourceTree = "<group>"; };
		A3CC6CBE255DA00200293293 /* VK_Client.app */ = {isa = PBXFileReference; explicitFileType = wrapper.application; includeInIndex = 0; path = VK_Client.app; sourceTree = BUILT_PRODUCTS_DIR; };
		A3CC6CC1255DA00200293293 /* AppDelegate.swift */ = {isa = PBXFileReference; lastKnownFileType = sourcecode.swift; path = AppDelegate.swift; sourceTree = "<group>"; };
		A3CC6CC3255DA00200293293 /* SceneDelegate.swift */ = {isa = PBXFileReference; lastKnownFileType = sourcecode.swift; path = SceneDelegate.swift; sourceTree = "<group>"; };
		A3CC6CC5255DA00200293293 /* LoginViewController.swift */ = {isa = PBXFileReference; lastKnownFileType = sourcecode.swift; path = LoginViewController.swift; sourceTree = "<group>"; };
		A3CC6CC8255DA00200293293 /* Base */ = {isa = PBXFileReference; lastKnownFileType = file.storyboard; name = Base; path = Base.lproj/Main.storyboard; sourceTree = "<group>"; };
		A3CC6CCB255DA00200293293 /* VK_Client.xcdatamodel */ = {isa = PBXFileReference; lastKnownFileType = wrapper.xcdatamodel; path = VK_Client.xcdatamodel; sourceTree = "<group>"; };
		A3CC6CCD255DA00200293293 /* Assets.xcassets */ = {isa = PBXFileReference; lastKnownFileType = folder.assetcatalog; path = Assets.xcassets; sourceTree = "<group>"; };
		A3CC6CD0255DA00200293293 /* Base */ = {isa = PBXFileReference; lastKnownFileType = file.storyboard; name = Base; path = Base.lproj/LaunchScreen.storyboard; sourceTree = "<group>"; };
		A3CC6CD2255DA00200293293 /* Info.plist */ = {isa = PBXFileReference; lastKnownFileType = text.plist.xml; path = Info.plist; sourceTree = "<group>"; };
/* End PBXFileReference section */

/* Begin PBXFrameworksBuildPhase section */
		A3CC6CBB255DA00200293293 /* Frameworks */ = {
			isa = PBXFrameworksBuildPhase;
			buildActionMask = 2147483647;
			files = (
			);
			runOnlyForDeploymentPostprocessing = 0;
		};
/* End PBXFrameworksBuildPhase section */

/* Begin PBXGroup section */
		A3CC6CB5255DA00200293293 = {
			isa = PBXGroup;
			children = (
				A3CC6CC0255DA00200293293 /* VK_Client */,
				A3CC6CBF255DA00200293293 /* Products */,
			);
			sourceTree = "<group>";
		};
		A3CC6CBF255DA00200293293 /* Products */ = {
			isa = PBXGroup;
			children = (
				A3CC6CBE255DA00200293293 /* VK_Client.app */,
			);
			name = Products;
			sourceTree = "<group>";
		};
		A3CC6CC0255DA00200293293 /* VK_Client */ = {
			isa = PBXGroup;
			children = (
				A324241F255DC61200AC2018 /* VK_Client.entitlements */,
				A3CC6CC1255DA00200293293 /* AppDelegate.swift */,
				A3CC6CC3255DA00200293293 /* SceneDelegate.swift */,
				A3CC6CC5255DA00200293293 /* LoginViewController.swift */,
				A3242430255DD26200AC2018 /* Group.swift */,
				A3242433255DD27D00AC2018 /* User.swift */,
				A3242436255DD29700AC2018 /* MyFriendsCell.swift */,
				A3242439255DD2AC00AC2018 /* MyFriendsController.swift */,
				A324243C255DD2D600AC2018 /* MyGroupsCell.swift */,
				A324243F255DD2EE00AC2018 /* MyGroupsController.swift */,
				A3CC6CC7255DA00200293293 /* Main.storyboard */,
				A3442ECA255E0F1A0043FC13 /* LikeControl.swift */,
				A3CC6CCD255DA00200293293 /* Assets.xcassets */,
				A3442EC1255DF3B70043FC13 /* LoginViewController+KeyboardSettings.swift */,
				A3242423255DD05900AC2018 /* AvailableGroupsCell.swift */,
				A3242427255DD07700AC2018 /* AvailableGroupsController.swift */,
				A324242A255DD0A300AC2018 /* DetailFriendCell.swift */,
				A324242D255DD0BF00AC2018 /* DetailFriendController.swift */,
				A3CC6CCF255DA00200293293 /* LaunchScreen.storyboard */,
				A3442EC4255E0D730043FC13 /* RadiusView.swift */,
				A3442EC7255E0D8D0043FC13 /* ShadowView.swift */,
				A3CC6CD2255DA00200293293 /* Info.plist */,
				A3CC6CCA255DA00200293293 /* VK_Client.xcdatamodeld */,
			);
			path = VK_Client;
			sourceTree = "<group>";
		};
/* End PBXGroup section */

/* Begin PBXNativeTarget section */
		A3CC6CBD255DA00200293293 /* VK_Client */ = {
			isa = PBXNativeTarget;
			buildConfigurationList = A3CC6CD5255DA00200293293 /* Build configuration list for PBXNativeTarget "VK_Client" */;
			buildPhases = (
				A3CC6CBA255DA00200293293 /* Sources */,
				A3CC6CBB255DA00200293293 /* Frameworks */,
				A3CC6CBC255DA00200293293 /* Resources */,
			);
			buildRules = (
			);
			dependencies = (
			);
			name = VK_Client;
			productName = VK_Client;
			productReference = A3CC6CBE255DA00200293293 /* VK_Client.app */;
			productType = "com.apple.product-type.application";
		};
/* End PBXNativeTarget section */

/* Begin PBXProject section */
		A3CC6CB6255DA00200293293 /* Project object */ = {
			isa = PBXProject;
			attributes = {
				LastSwiftUpdateCheck = 1210;
				LastUpgradeCheck = 1210;
				TargetAttributes = {
					A3CC6CBD255DA00200293293 = {
						CreatedOnToolsVersion = 12.1;
					};
				};
			};
			buildConfigurationList = A3CC6CB9255DA00200293293 /* Build configuration list for PBXProject "VK_Client" */;
			compatibilityVersion = "Xcode 12.0";
			developmentRegion = en;
			hasScannedForEncodings = 0;
			knownRegions = (
				en,
				Base,
			);
			mainGroup = A3CC6CB5255DA00200293293;
			productRefGroup = A3CC6CBF255DA00200293293 /* Products */;
			projectDirPath = "";
			projectRoot = "";
			targets = (
				A3CC6CBD255DA00200293293 /* VK_Client */,
			);
		};
/* End PBXProject section */

/* Begin PBXResourcesBuildPhase section */
		A3CC6CBC255DA00200293293 /* Resources */ = {
			isa = PBXResourcesBuildPhase;
			buildActionMask = 2147483647;
			files = (
				A3CC6CD1255DA00200293293 /* LaunchScreen.storyboard in Resources */,
				A3CC6CCE255DA00200293293 /* Assets.xcassets in Resources */,
				A3CC6CC9255DA00200293293 /* Main.storyboard in Resources */,
			);
			runOnlyForDeploymentPostprocessing = 0;
		};
/* End PBXResourcesBuildPhase section */

/* Begin PBXSourcesBuildPhase section */
		A3CC6CBA255DA00200293293 /* Sources */ = {
			isa = PBXSourcesBuildPhase;
			buildActionMask = 2147483647;
			files = (
				A3242431255DD26200AC2018 /* Group.swift in Sources */,
				A324243A255DD2AC00AC2018 /* MyFriendsController.swift in Sources */,
				A324243D255DD2D600AC2018 /* MyGroupsCell.swift in Sources */,
				A3CC6CC6255DA00200293293 /* LoginViewController.swift in Sources */,
				A3442EC2255DF3B70043FC13 /* LoginViewController+KeyboardSettings.swift in Sources */,
				A3242428255DD07700AC2018 /* AvailableGroupsController.swift in Sources */,
				A3242440255DD2EE00AC2018 /* MyGroupsController.swift in Sources */,
				A3CC6CCC255DA00200293293 /* VK_Client.xcdatamodeld in Sources */,
				A3242424255DD05900AC2018 /* AvailableGroupsCell.swift in Sources */,
				A3CC6CC2255DA00200293293 /* AppDelegate.swift in Sources */,
				A3CC6CC4255DA00200293293 /* SceneDelegate.swift in Sources */,
				A324242E255DD0BF00AC2018 /* DetailFriendController.swift in Sources */,
				A3242437255DD29700AC2018 /* MyFriendsCell.swift in Sources */,
				A3242434255DD27D00AC2018 /* User.swift in Sources */,
				A3442EC5255E0D730043FC13 /* RadiusView.swift in Sources */,
				A3442EC8255E0D8D0043FC13 /* ShadowView.swift in Sources */,
				A3442ECB255E0F1A0043FC13 /* LikeControl.swift in Sources */,
				A324242B255DD0A300AC2018 /* DetailFriendCell.swift in Sources */,
			);
			runOnlyForDeploymentPostprocessing = 0;
		};
/* End PBXSourcesBuildPhase section */

/* Begin PBXVariantGroup section */
		A3CC6CC7255DA00200293293 /* Main.storyboard */ = {
			isa = PBXVariantGroup;
			children = (
				A3CC6CC8255DA00200293293 /* Base */,
			);
			name = Main.storyboard;
			sourceTree = "<group>";
		};
		A3CC6CCF255DA00200293293 /* LaunchScreen.storyboard */ = {
			isa = PBXVariantGroup;
			children = (
				A3CC6CD0255DA00200293293 /* Base */,
			);
			name = LaunchScreen.storyboard;
			sourceTree = "<group>";
		};
/* End PBXVariantGroup section */

/* Begin XCBuildConfiguration section */
		A3CC6CD3255DA00200293293 /* Debug */ = {
			isa = XCBuildConfiguration;
			buildSettings = {
				ALWAYS_SEARCH_USER_PATHS = NO;
				CLANG_ANALYZER_NONNULL = YES;
				CLANG_ANALYZER_NUMBER_OBJECT_CONVERSION = YES_AGGRESSIVE;
				CLANG_CXX_LANGUAGE_STANDARD = "gnu++14";
				CLANG_CXX_LIBRARY = "libc++";
				CLANG_ENABLE_MODULES = YES;
				CLANG_ENABLE_OBJC_ARC = YES;
				CLANG_ENABLE_OBJC_WEAK = YES;
				CLANG_WARN_BLOCK_CAPTURE_AUTORELEASING = YES;
				CLANG_WARN_BOOL_CONVERSION = YES;
				CLANG_WARN_COMMA = YES;
				CLANG_WARN_CONSTANT_CONVERSION = YES;
				CLANG_WARN_DEPRECATED_OBJC_IMPLEMENTATIONS = YES;
				CLANG_WARN_DIRECT_OBJC_ISA_USAGE = YES_ERROR;
				CLANG_WARN_DOCUMENTATION_COMMENTS = YES;
				CLANG_WARN_EMPTY_BODY = YES;
				CLANG_WARN_ENUM_CONVERSION = YES;
				CLANG_WARN_INFINITE_RECURSION = YES;
				CLANG_WARN_INT_CONVERSION = YES;
				CLANG_WARN_NON_LITERAL_NULL_CONVERSION = YES;
				CLANG_WARN_OBJC_IMPLICIT_RETAIN_SELF = YES;
				CLANG_WARN_OBJC_LITERAL_CONVERSION = YES;
				CLANG_WARN_OBJC_ROOT_CLASS = YES_ERROR;
				CLANG_WARN_QUOTED_INCLUDE_IN_FRAMEWORK_HEADER = YES;
				CLANG_WARN_RANGE_LOOP_ANALYSIS = YES;
				CLANG_WARN_STRICT_PROTOTYPES = YES;
				CLANG_WARN_SUSPICIOUS_MOVE = YES;
				CLANG_WARN_UNGUARDED_AVAILABILITY = YES_AGGRESSIVE;
				CLANG_WARN_UNREACHABLE_CODE = YES;
				CLANG_WARN__DUPLICATE_METHOD_MATCH = YES;
				COPY_PHASE_STRIP = NO;
				DEBUG_INFORMATION_FORMAT = dwarf;
				ENABLE_STRICT_OBJC_MSGSEND = YES;
				ENABLE_TESTABILITY = YES;
				GCC_C_LANGUAGE_STANDARD = gnu11;
				GCC_DYNAMIC_NO_PIC = NO;
				GCC_NO_COMMON_BLOCKS = YES;
				GCC_OPTIMIZATION_LEVEL = 0;
				GCC_PREPROCESSOR_DEFINITIONS = (
					"DEBUG=1",
					"$(inherited)",
				);
				GCC_WARN_64_TO_32_BIT_CONVERSION = YES;
				GCC_WARN_ABOUT_RETURN_TYPE = YES_ERROR;
				GCC_WARN_UNDECLARED_SELECTOR = YES;
				GCC_WARN_UNINITIALIZED_AUTOS = YES_AGGRESSIVE;
				GCC_WARN_UNUSED_FUNCTION = YES;
				GCC_WARN_UNUSED_VARIABLE = YES;
				IPHONEOS_DEPLOYMENT_TARGET = 14.1;
				MTL_ENABLE_DEBUG_INFO = INCLUDE_SOURCE;
				MTL_FAST_MATH = YES;
				ONLY_ACTIVE_ARCH = YES;
				SDKROOT = iphoneos;
				SWIFT_ACTIVE_COMPILATION_CONDITIONS = DEBUG;
				SWIFT_OPTIMIZATION_LEVEL = "-Onone";
			};
			name = Debug;
		};
		A3CC6CD4255DA00200293293 /* Release */ = {
			isa = XCBuildConfiguration;
			buildSettings = {
				ALWAYS_SEARCH_USER_PATHS = NO;
				CLANG_ANALYZER_NONNULL = YES;
				CLANG_ANALYZER_NUMBER_OBJECT_CONVERSION = YES_AGGRESSIVE;
				CLANG_CXX_LANGUAGE_STANDARD = "gnu++14";
				CLANG_CXX_LIBRARY = "libc++";
				CLANG_ENABLE_MODULES = YES;
				CLANG_ENABLE_OBJC_ARC = YES;
				CLANG_ENABLE_OBJC_WEAK = YES;
				CLANG_WARN_BLOCK_CAPTURE_AUTORELEASING = YES;
				CLANG_WARN_BOOL_CONVERSION = YES;
				CLANG_WARN_COMMA = YES;
				CLANG_WARN_CONSTANT_CONVERSION = YES;
				CLANG_WARN_DEPRECATED_OBJC_IMPLEMENTATIONS = YES;
				CLANG_WARN_DIRECT_OBJC_ISA_USAGE = YES_ERROR;
				CLANG_WARN_DOCUMENTATION_COMMENTS = YES;
				CLANG_WARN_EMPTY_BODY = YES;
				CLANG_WARN_ENUM_CONVERSION = YES;
				CLANG_WARN_INFINITE_RECURSION = YES;
				CLANG_WARN_INT_CONVERSION = YES;
				CLANG_WARN_NON_LITERAL_NULL_CONVERSION = YES;
				CLANG_WARN_OBJC_IMPLICIT_RETAIN_SELF = YES;
				CLANG_WARN_OBJC_LITERAL_CONVERSION = YES;
				CLANG_WARN_OBJC_ROOT_CLASS = YES_ERROR;
				CLANG_WARN_QUOTED_INCLUDE_IN_FRAMEWORK_HEADER = YES;
				CLANG_WARN_RANGE_LOOP_ANALYSIS = YES;
				CLANG_WARN_STRICT_PROTOTYPES = YES;
				CLANG_WARN_SUSPICIOUS_MOVE = YES;
				CLANG_WARN_UNGUARDED_AVAILABILITY = YES_AGGRESSIVE;
				CLANG_WARN_UNREACHABLE_CODE = YES;
				CLANG_WARN__DUPLICATE_METHOD_MATCH = YES;
				COPY_PHASE_STRIP = NO;
				DEBUG_INFORMATION_FORMAT = "dwarf-with-dsym";
				ENABLE_NS_ASSERTIONS = NO;
				ENABLE_STRICT_OBJC_MSGSEND = YES;
				GCC_C_LANGUAGE_STANDARD = gnu11;
				GCC_NO_COMMON_BLOCKS = YES;
				GCC_WARN_64_TO_32_BIT_CONVERSION = YES;
				GCC_WARN_ABOUT_RETURN_TYPE = YES_ERROR;
				GCC_WARN_UNDECLARED_SELECTOR = YES;
				GCC_WARN_UNINITIALIZED_AUTOS = YES_AGGRESSIVE;
				GCC_WARN_UNUSED_FUNCTION = YES;
				GCC_WARN_UNUSED_VARIABLE = YES;
				IPHONEOS_DEPLOYMENT_TARGET = 14.1;
				MTL_ENABLE_DEBUG_INFO = NO;
				MTL_FAST_MATH = YES;
				SDKROOT = iphoneos;
				SWIFT_COMPILATION_MODE = wholemodule;
				SWIFT_OPTIMIZATION_LEVEL = "-O";
				VALIDATE_PRODUCT = YES;
			};
			name = Release;
		};
		A3CC6CD6255DA00200293293 /* Debug */ = {
			isa = XCBuildConfiguration;
			buildSettings = {
				ASSETCATALOG_COMPILER_APPICON_NAME = AppIcon;
				ASSETCATALOG_COMPILER_GLOBAL_ACCENT_COLOR_NAME = AccentColor;
				CODE_SIGN_ENTITLEMENTS = VK_Client/VK_Client.entitlements;
				CODE_SIGN_STYLE = Automatic;
				DEVELOPMENT_TEAM = 6S7VJYCU8F;
				INFOPLIST_FILE = VK_Client/Info.plist;
				LD_RUNPATH_SEARCH_PATHS = (
					"$(inherited)",
					"@executable_path/Frameworks",
				);
				PRODUCT_BUNDLE_IDENTIFIER = "Rayen.VK-Client";
				PRODUCT_NAME = "$(TARGET_NAME)";
				SUPPORTS_MACCATALYST = NO;
				SWIFT_VERSION = 5.0;
				TARGETED_DEVICE_FAMILY = "1,2";
			};
			name = Debug;
		};
		A3CC6CD7255DA00200293293 /* Release */ = {
			isa = XCBuildConfiguration;
			buildSettings = {
				ASSETCATALOG_COMPILER_APPICON_NAME = AppIcon;
				ASSETCATALOG_COMPILER_GLOBAL_ACCENT_COLOR_NAME = AccentColor;
				CODE_SIGN_ENTITLEMENTS = VK_Client/VK_Client.entitlements;
				CODE_SIGN_STYLE = Automatic;
				DEVELOPMENT_TEAM = 6S7VJYCU8F;
				INFOPLIST_FILE = VK_Client/Info.plist;
				LD_RUNPATH_SEARCH_PATHS = (
					"$(inherited)",
					"@executable_path/Frameworks",
				);
				PRODUCT_BUNDLE_IDENTIFIER = "Rayen.VK-Client";
				PRODUCT_NAME = "$(TARGET_NAME)";
				SUPPORTS_MACCATALYST = NO;
				SWIFT_VERSION = 5.0;
				TARGETED_DEVICE_FAMILY = "1,2";
			};
			name = Release;
		};
/* End XCBuildConfiguration section */

/* Begin XCConfigurationList section */
		A3CC6CB9255DA00200293293 /* Build configuration list for PBXProject "VK_Client" */ = {
			isa = XCConfigurationList;
			buildConfigurations = (
				A3CC6CD3255DA00200293293 /* Debug */,
				A3CC6CD4255DA00200293293 /* Release */,
			);
			defaultConfigurationIsVisible = 0;
			defaultConfigurationName = Release;
		};
		A3CC6CD5255DA00200293293 /* Build configuration list for PBXNativeTarget "VK_Client" */ = {
			isa = XCConfigurationList;
			buildConfigurations = (
				A3CC6CD6255DA00200293293 /* Debug */,
				A3CC6CD7255DA00200293293 /* Release */,
			);
			defaultConfigurationIsVisible = 0;
			defaultConfigurationName = Release;
		};
/* End XCConfigurationList section */

/* Begin XCVersionGroup section */
		A3CC6CCA255DA00200293293 /* VK_Client.xcdatamodeld */ = {
			isa = XCVersionGroup;
			children = (
				A3CC6CCB255DA00200293293 /* VK_Client.xcdatamodel */,
			);
			currentVersion = A3CC6CCB255DA00200293293 /* VK_Client.xcdatamodel */;
			path = VK_Client.xcdatamodeld;
			sourceTree = "<group>";
			versionGroupType = wrapper.xcdatamodel;
		};
/* End XCVersionGroup section */
	};
	rootObject = A3CC6CB6255DA00200293293 /* Project object */;
}
